
Microsoft Visual Studio Solution File, Format Version 12.00
# Visual Studio Version 17
VisualStudioVersion = 17.13.35828.75 d17.13
MinimumVisualStudioVersion = 10.0.40219.1
Project("{FAE04EC0-301F-11D3-BF4B-00C04F79EFBC}") = "SimpleFormsAppWithComboBox", "SimpleFormsAppWithComboBox\SimpleFormsAppWithComboBox.csproj", "{EAE0B40E-C498-497D-A1C6-84CCFEB878CE}"
EndProject
Global
	GlobalSection(SolutionConfigurationPlatforms) = preSolution
		Debug|Any CPU = Debug|Any CPU
		Release|Any CPU = Release|Any CPU
	EndGlobalSection
	GlobalSection(ProjectConfigurationPlatforms) = postSolution
		{EAE0B40E-C498-497D-A1C6-84CCFEB878CE}.Debug|Any CPU.ActiveCfg = Debug|Any CPU
		{EAE0B40E-C498-497D-A1C6-84CCFEB878CE}.Debug|Any CPU.Build.0 = Debug|Any CPU
		{EAE0B40E-C498-497D-A1C6-84CCFEB878CE}.Release|Any CPU.ActiveCfg = Release|Any CPU
		{EAE0B40E-C498-497D-A1C6-84CCFEB878CE}.Release|Any CPU.Build.0 = Release|Any CPU
	EndGlobalSection
	GlobalSection(SolutionProperties) = preSolution
		HideSolutionNode = FALSE
	EndGlobalSection
	GlobalSection(ExtensibilityGlobals) = postSolution
		SolutionGuid = {E7B8534F-EB65-4F5B-927C-BAFB4FB3BAC2}
	EndGlobalSection
EndGlobal
