
Microsoft Visual Studio Solution File, Format Version 12.00
# Visual Studio Version 17
VisualStudioVersion = 17.13.35828.75 d17.13
MinimumVisualStudioVersion = 10.0.40219.1
Project("{FAE04EC0-301F-11D3-BF4B-00C04F79EFBC}") = "SimpleFavoriteCartoonFormAppp", "SimpleFavoriteCartoonFormAppp\SimpleFavoriteCartoonFormAppp.csproj", "{3AF1635A-35F2-43AF-B365-C3ECF360F543}"
EndProject
Global
	GlobalSection(SolutionConfigurationPlatforms) = preSolution
		Debug|Any CPU = Debug|Any CPU
		Release|Any CPU = Release|Any CPU
	EndGlobalSection
	GlobalSection(ProjectConfigurationPlatforms) = postSolution
		{3AF1635A-35F2-43AF-B365-C3ECF360F543}.Debug|Any CPU.ActiveCfg = Debug|Any CPU
		{3AF1635A-35F2-43AF-B365-C3ECF360F543}.Debug|Any CPU.Build.0 = Debug|Any CPU
		{3AF1635A-35F2-43AF-B365-C3ECF360F543}.Release|Any CPU.ActiveCfg = Release|Any CPU
		{3AF1635A-35F2-43AF-B365-C3ECF360F543}.Release|Any CPU.Build.0 = Release|Any CPU
	EndGlobalSection
	GlobalSection(SolutionProperties) = preSolution
		HideSolutionNode = FALSE
	EndGlobalSection
	GlobalSection(ExtensibilityGlobals) = postSolution
		SolutionGuid = {14C846BC-230D-4A8C-8347-34849317DCD6}
	EndGlobalSection
EndGlobal
